
Microsoft Visual Studio Solution File, Format Version 12.00
# Visual Studio 15
Project("{FAE04EC0-301F-11D3-BF4B-00C04F79EFBC}") = "SimpleWebTransport", "SimpleWebTransport.csproj", "{647D3CE0-53DF-B539-C55B-E905CD03BF73}"
EndProject
Project("{FAE04EC0-301F-11D3-BF4B-00C04F79EFBC}") = "Mirror", "Mirror.csproj", "{1A359C1E-376D-B9AD-440D-B28C12CC0893}"
EndProject
Project("{FAE04EC0-301F-11D3-BF4B-00C04F79EFBC}") = "Telepathy", "Telepathy.csproj", "{9683DDA5-E2B6-918C-D019-E631DE492835}"
EndProject
Project("{FAE04EC0-301F-11D3-BF4B-00C04F79EFBC}") = "Assembly-CSharp", "Assembly-CSharp.csproj", "{5378874A-797F-BB89-4D89-06DABEB2E213}"
EndProject
Project("{FAE04EC0-301F-11D3-BF4B-00C04F79EFBC}") = "Mirror.Components", "Mirror.Components.csproj", "{002373B2-837E-0158-1CC0-A3CB65A5F81A}"
EndProject
Project("{FAE04EC0-301F-11D3-BF4B-00C04F79EFBC}") = "Mirror.Examples", "Mirror.Examples.csproj", "{D3846FC9-7FD2-DA76-2DEC-A5B4A73DE91E}"
EndProject
Project("{FAE04EC0-301F-11D3-BF4B-00C04F79EFBC}") = "kcp2k", "kcp2k.csproj", "{77FE5744-AD25-F7A6-15FC-0B4556A9CAC3}"
EndProject
Project("{FAE04EC0-301F-11D3-BF4B-00C04F79EFBC}") = "Mirror.Authenticators", "Mirror.Authenticators.csproj", "{82880793-542E-D4F8-EBDF-B4599C99FF6D}"
EndProject
Project("{FAE04EC0-301F-11D3-BF4B-00C04F79EFBC}") = "Mirror.Weaver", "Mirror.Weaver.csproj", "{D54A0815-A668-0662-A016-B49FB4A8816F}"
EndProject
Project("{FAE04EC0-301F-11D3-BF4B-00C04F79EFBC}") = "Mirror.Editor", "Mirror.Editor.csproj", "{1B876796-5026-B47F-260F-331496D0A56C}"
EndProject
Project("{FAE04EC0-301F-11D3-BF4B-00C04F79EFBC}") = "ParrelSync", "ParrelSync.csproj", "{0530FA82-4F23-B9F5-8212-6C54C429726A}"
EndProject
Project("{FAE04EC0-301F-11D3-BF4B-00C04F79EFBC}") = "Mirror.CompilerSymbols", "Mirror.CompilerSymbols.csproj", "{7B20939E-2D3D-6474-4BB7-D99304280C73}"
EndProject
Global
	GlobalSection(SolutionConfigurationPlatforms) = preSolution
		Debug|Any CPU = Debug|Any CPU
		Release|Any CPU = Release|Any CPU
	EndGlobalSection
	GlobalSection(ProjectConfigurationPlatforms) = postSolution
		{647D3CE0-53DF-B539-C55B-E905CD03BF73}.Debug|Any CPU.ActiveCfg = Debug|Any CPU
		{647D3CE0-53DF-B539-C55B-E905CD03BF73}.Debug|Any CPU.Build.0 = Debug|Any CPU
		{647D3CE0-53DF-B539-C55B-E905CD03BF73}.Release|Any CPU.ActiveCfg = Release|Any CPU
		{647D3CE0-53DF-B539-C55B-E905CD03BF73}.Release|Any CPU.Build.0 = Release|Any CPU
		{1A359C1E-376D-B9AD-440D-B28C12CC0893}.Debug|Any CPU.ActiveCfg = Debug|Any CPU
		{1A359C1E-376D-B9AD-440D-B28C12CC0893}.Debug|Any CPU.Build.0 = Debug|Any CPU
		{1A359C1E-376D-B9AD-440D-B28C12CC0893}.Release|Any CPU.ActiveCfg = Release|Any CPU
		{1A359C1E-376D-B9AD-440D-B28C12CC0893}.Release|Any CPU.Build.0 = Release|Any CPU
		{9683DDA5-E2B6-918C-D019-E631DE492835}.Debug|Any CPU.ActiveCfg = Debug|Any CPU
		{9683DDA5-E2B6-918C-D019-E631DE492835}.Debug|Any CPU.Build.0 = Debug|Any CPU
		{9683DDA5-E2B6-918C-D019-E631DE492835}.Release|Any CPU.ActiveCfg = Release|Any CPU
		{9683DDA5-E2B6-918C-D019-E631DE492835}.Release|Any CPU.Build.0 = Release|Any CPU
		{5378874A-797F-BB89-4D89-06DABEB2E213}.Debug|Any CPU.ActiveCfg = Debug|Any CPU
		{5378874A-797F-BB89-4D89-06DABEB2E213}.Debug|Any CPU.Build.0 = Debug|Any CPU
		{5378874A-797F-BB89-4D89-06DABEB2E213}.Release|Any CPU.ActiveCfg = Release|Any CPU
		{5378874A-797F-BB89-4D89-06DABEB2E213}.Release|Any CPU.Build.0 = Release|Any CPU
		{002373B2-837E-0158-1CC0-A3CB65A5F81A}.Debug|Any CPU.ActiveCfg = Debug|Any CPU
		{002373B2-837E-0158-1CC0-A3CB65A5F81A}.Debug|Any CPU.Build.0 = Debug|Any CPU
		{002373B2-837E-0158-1CC0-A3CB65A5F81A}.Release|Any CPU.ActiveCfg = Release|Any CPU
		{002373B2-837E-0158-1CC0-A3CB65A5F81A}.Release|Any CPU.Build.0 = Release|Any CPU
		{D3846FC9-7FD2-DA76-2DEC-A5B4A73DE91E}.Debug|Any CPU.ActiveCfg = Debug|Any CPU
		{D3846FC9-7FD2-DA76-2DEC-A5B4A73DE91E}.Debug|Any CPU.Build.0 = Debug|Any CPU
		{D3846FC9-7FD2-DA76-2DEC-A5B4A73DE91E}.Release|Any CPU.ActiveCfg = Release|Any CPU
		{D3846FC9-7FD2-DA76-2DEC-A5B4A73DE91E}.Release|Any CPU.Build.0 = Release|Any CPU
		{77FE5744-AD25-F7A6-15FC-0B4556A9CAC3}.Debug|Any CPU.ActiveCfg = Debug|Any CPU
		{77FE5744-AD25-F7A6-15FC-0B4556A9CAC3}.Debug|Any CPU.Build.0 = Debug|Any CPU
		{77FE5744-AD25-F7A6-15FC-0B4556A9CAC3}.Release|Any CPU.ActiveCfg = Release|Any CPU
		{77FE5744-AD25-F7A6-15FC-0B4556A9CAC3}.Release|Any CPU.Build.0 = Release|Any CPU
		{82880793-542E-D4F8-EBDF-B4599C99FF6D}.Debug|Any CPU.ActiveCfg = Debug|Any CPU
		{82880793-542E-D4F8-EBDF-B4599C99FF6D}.Debug|Any CPU.Build.0 = Debug|Any CPU
		{82880793-542E-D4F8-EBDF-B4599C99FF6D}.Release|Any CPU.ActiveCfg = Release|Any CPU
		{82880793-542E-D4F8-EBDF-B4599C99FF6D}.Release|Any CPU.Build.0 = Release|Any CPU
		{D54A0815-A668-0662-A016-B49FB4A8816F}.Debug|Any CPU.ActiveCfg = Debug|Any CPU
		{D54A0815-A668-0662-A016-B49FB4A8816F}.Debug|Any CPU.Build.0 = Debug|Any CPU
		{D54A0815-A668-0662-A016-B49FB4A8816F}.Release|Any CPU.ActiveCfg = Release|Any CPU
		{D54A0815-A668-0662-A016-B49FB4A8816F}.Release|Any CPU.Build.0 = Release|Any CPU
		{1B876796-5026-B47F-260F-331496D0A56C}.Debug|Any CPU.ActiveCfg = Debug|Any CPU
		{1B876796-5026-B47F-260F-331496D0A56C}.Debug|Any CPU.Build.0 = Debug|Any CPU
		{1B876796-5026-B47F-260F-331496D0A56C}.Release|Any CPU.ActiveCfg = Release|Any CPU
		{1B876796-5026-B47F-260F-331496D0A56C}.Release|Any CPU.Build.0 = Release|Any CPU
		{0530FA82-4F23-B9F5-8212-6C54C429726A}.Debug|Any CPU.ActiveCfg = Debug|Any CPU
		{0530FA82-4F23-B9F5-8212-6C54C429726A}.Debug|Any CPU.Build.0 = Debug|Any CPU
		{0530FA82-4F23-B9F5-8212-6C54C429726A}.Release|Any CPU.ActiveCfg = Release|Any CPU
		{0530FA82-4F23-B9F5-8212-6C54C429726A}.Release|Any CPU.Build.0 = Release|Any CPU
		{7B20939E-2D3D-6474-4BB7-D99304280C73}.Debug|Any CPU.ActiveCfg = Debug|Any CPU
		{7B20939E-2D3D-6474-4BB7-D99304280C73}.Debug|Any CPU.Build.0 = Debug|Any CPU
		{7B20939E-2D3D-6474-4BB7-D99304280C73}.Release|Any CPU.ActiveCfg = Release|Any CPU
		{7B20939E-2D3D-6474-4BB7-D99304280C73}.Release|Any CPU.Build.0 = Release|Any CPU
	EndGlobalSection
	GlobalSection(SolutionProperties) = preSolution
		HideSolutionNode = FALSE
	EndGlobalSection
EndGlobal
